{
  "originHash" : "c767efae50477ab9611231be469d39195ef9337b53c385dbaa4266b0fc6c399d",
  "pins" : [
    {
      "identity" : "apextensions",
      "kind" : "remoteSourceControl",
      "location" : "https://github.com/APUtils/APExtensions.git",
      "state" : {
        "revision" : "7cead7483a09dcf0de15264361f809014166d995",
        "version" : "14.2.1"
      }
    },
    {
      "identity" : "routablelogger",
      "kind" : "remoteSourceControl",
      "location" : "https://github.com/anton-plebanovich/RoutableLogger.git",
      "state" : {
        "revision" : "15961a556f5e8263e5ce777836f4bdf927839ae5",
        "version" : "1.0.1"
      }
    },
    {
      "identity" : "rxgesture",
      "kind" : "remoteSourceControl",
      "location" : "https://github.com/RxSwiftCommunity/RxGesture.git",
      "state" : {
        "revision" : "1b137c576b4aaaab949235752278956697c9e4a0",
        "version" : "4.0.4"
      }
    },
    {
      "identity" : "rxswift",
      "kind" : "remoteSourceControl",
      "location" : "https://github.com/ReactiveX/RxSwift.git",
      "state" : {
        "revision" : "9dcaa4b333db437b0fbfaf453fad29069044a8b4",
        "version" : "6.6.0"
      }
    },
    {
      "identity" : "rxswiftext",
      "kind" : "remoteSourceControl",
      "location" : "https://github.com/RxSwiftCommunity/RxSwiftExt.git",
      "state" : {
        "revision" : "eb4adf9f00a21b3efc3869a5218a6d7517e95222",
        "version" : "6.2.1"
      }
    }
  ],
  "version" : 3
}
