// !$*UTF8*$!
{
	archiveVersion = 1;
	classes = {
	};
	objectVersion = 50;
	objects = {

/* Begin PBXBuildFile section */
		2E3969D4FAEC1BC07F9BAE7E /* RxCocoa.framework in Frameworks */ = {isa = PBXBuildFile; fileRef = 351C0C5F43DEE45C165C941A /* RxCocoa.framework */; };
		543A082E950A41FC2BA96D73 /* RxSwift.framework in Frameworks */ = {isa = PBXBuildFile; fileRef = B89DEB5F58DE4DE076F19770 /* RxSwift.framework */; };
		E202681822117D03004CC28A /* RxUtils.h in Headers */ = {isa = PBXBuildFile; fileRef = E202681622117D03004CC28A /* RxUtils.h */; settings = {ATTRIBUTES = (Public, ); }; };
		E26D80BA2268FCB8001F80BB /* RxSwift+Extension.swift in Sources */ = {isa = PBXBuildFile; fileRef = E26D80B02268FCB8001F80BB /* RxSwift+Extension.swift */; };
		E26D80BB2268FCB8001F80BB /* RxSwift+Weak+FlatMap.swift in Sources */ = {isa = PBXBuildFile; fileRef = E26D80B22268FCB8001F80BB /* RxSwift+Weak+FlatMap.swift */; };
		E26D80BC2268FCB8001F80BB /* RxSwift+Weak+Do.swift in Sources */ = {isa = PBXBuildFile; fileRef = E26D80B32268FCB8001F80BB /* RxSwift+Weak+Do.swift */; };
		E26D80BD2268FCB8001F80BB /* RxSwift+Weak+Subscribe.swift in Sources */ = {isa = PBXBuildFile; fileRef = E26D80B42268FCB8001F80BB /* RxSwift+Weak+Subscribe.swift */; };
		E26D80BE2268FCB8001F80BB /* RxSwift+Error.swift in Sources */ = {isa = PBXBuildFile; fileRef = E26D80B52268FCB8001F80BB /* RxSwift+Error.swift */; };
		E26D80BF2268FCB8001F80BB /* RxSwift+Deffered.swift in Sources */ = {isa = PBXBuildFile; fileRef = E26D80B62268FCB8001F80BB /* RxSwift+Deffered.swift */; };
		E26D80C02268FCB8001F80BB /* RxSwift+Subscribe.swift in Sources */ = {isa = PBXBuildFile; fileRef = E26D80B72268FCB8001F80BB /* RxSwift+Subscribe.swift */; };
		E26D80C12268FCB8001F80BB /* RxSwift+CompactMap.swift in Sources */ = {isa = PBXBuildFile; fileRef = E26D80B82268FCB8001F80BB /* RxSwift+CompactMap.swift */; };
		E26D80C22268FCB8001F80BB /* RxSwift+Do.swift in Sources */ = {isa = PBXBuildFile; fileRef = E26D80B92268FCB8001F80BB /* RxSwift+Do.swift */; };
		E26D80C32268FFA4001F80BB /* RxCocoa.framework in Frameworks */ = {isa = PBXBuildFile; fileRef = 351C0C5F43DEE45C165C941A /* RxCocoa.framework */; };
		E26D80C42268FFA4001F80BB /* RxSwift.framework in Frameworks */ = {isa = PBXBuildFile; fileRef = B89DEB5F58DE4DE076F19770 /* RxSwift.framework */; };
		E2A7394E2260CFC700E97D55 /* AppDelegate.swift in Sources */ = {isa = PBXBuildFile; fileRef = E2A7394D2260CFC700E97D55 /* AppDelegate.swift */; };
		E2A739502260CFC700E97D55 /* ViewController.swift in Sources */ = {isa = PBXBuildFile; fileRef = E2A7394F2260CFC700E97D55 /* ViewController.swift */; };
		E2A739532260CFC700E97D55 /* Main.storyboard in Resources */ = {isa = PBXBuildFile; fileRef = E2A739512260CFC700E97D55 /* Main.storyboard */; };
		E2A739552260CFC800E97D55 /* Assets.xcassets in Resources */ = {isa = PBXBuildFile; fileRef = E2A739542260CFC800E97D55 /* Assets.xcassets */; };
		E2A739582260CFC800E97D55 /* LaunchScreen.storyboard in Resources */ = {isa = PBXBuildFile; fileRef = E2A739562260CFC800E97D55 /* LaunchScreen.storyboard */; };
		E2A739632260CFC800E97D55 /* Tests.swift in Sources */ = {isa = PBXBuildFile; fileRef = E2A739622260CFC800E97D55 /* Tests.swift */; };
		E2A7396E2260D99900E97D55 /* Quick.framework in Frameworks */ = {isa = PBXBuildFile; fileRef = E2A7396C2260D99900E97D55 /* Quick.framework */; };
		E2A7396F2260D99900E97D55 /* Nimble.framework in Frameworks */ = {isa = PBXBuildFile; fileRef = E2A7396D2260D99900E97D55 /* Nimble.framework */; };
/* End PBXBuildFile section */

/* Begin PBXContainerItemProxy section */
		E2A7395F2260CFC800E97D55 /* PBXContainerItemProxy */ = {
			isa = PBXContainerItemProxy;
			containerPortal = E202680A22117D03004CC28A /* Project object */;
			proxyType = 1;
			remoteGlobalIDString = E2A7394A2260CFC700E97D55;
			remoteInfo = "RxUtils-Example";
		};
/* End PBXContainerItemProxy section */

/* Begin PBXFileReference section */
		2770B41F10ACCC97B30DDC5B /* DEPLOY PROCESS.md */ = {isa = PBXFileReference; includeInIndex = 1; lastKnownFileType = net.daringfireball.markdown; name = "DEPLOY PROCESS.md"; path = "../DEPLOY PROCESS.md"; sourceTree = "<group>"; };
		27A65933230C2FF4F758F562 /* carthageUpdate.command */ = {isa = PBXFileReference; includeInIndex = 1; lastKnownFileType = text.script.sh; name = carthageUpdate.command; path = Scripts/Carthage/carthageUpdate.command; sourceTree = "<group>"; };
		351C0C5F43DEE45C165C941A /* RxCocoa.framework */ = {isa = PBXFileReference; lastKnownFileType = wrapper.framework; name = RxCocoa.framework; path = Carthage/Build/iOS/RxCocoa.framework; sourceTree = "<group>"; };
		35423192BBCD2485C59FBA90 /* .gitignore */ = {isa = PBXFileReference; includeInIndex = 1; lastKnownFileType = text; name = .gitignore; path = ../.gitignore; sourceTree = "<group>"; };
		3905247AED19C828B2F93C0F /* CHANGELOG.md */ = {isa = PBXFileReference; includeInIndex = 1; lastKnownFileType = net.daringfireball.markdown; name = CHANGELOG.md; path = ../CHANGELOG.md; sourceTree = "<group>"; };
		4DC06729D5797C0C4726CA51 /* checkBuild.command */ = {isa = PBXFileReference; includeInIndex = 1; lastKnownFileType = text.script.sh; name = checkBuild.command; path = ../checkBuild.command; sourceTree = "<group>"; };
		722BFDE9DE58393B9D916719 /* carthageRemove.command */ = {isa = PBXFileReference; includeInIndex = 1; lastKnownFileType = text.script.sh; name = carthageRemove.command; path = Scripts/Carthage/carthageRemove.command; sourceTree = "<group>"; };
		72FEC47699AE93FA694446C1 /* README.md */ = {isa = PBXFileReference; includeInIndex = 1; lastKnownFileType = net.daringfireball.markdown; name = README.md; path = ../README.md; sourceTree = "<group>"; };
		75997ED1E9FAC56B9BEC3F0E /* carthageAdd.command */ = {isa = PBXFileReference; includeInIndex = 1; lastKnownFileType = text.script.sh; name = carthageAdd.command; path = Scripts/Carthage/carthageAdd.command; sourceTree = "<group>"; };
		95B46D3F3B9CA6A1557CD626 /* RxUtils.podspec */ = {isa = PBXFileReference; includeInIndex = 1; lastKnownFileType = text; name = RxUtils.podspec; path = ../RxUtils.podspec; sourceTree = "<group>"; };
		A3734D274A5AF65E369A7857 /* podCheck.command */ = {isa = PBXFileReference; includeInIndex = 1; lastKnownFileType = text.script.sh; name = podCheck.command; path = ../podCheck.command; sourceTree = "<group>"; };
		B2292C95DD780A49B6CE8C21 /* .cocoadocs.yml */ = {isa = PBXFileReference; includeInIndex = 1; lastKnownFileType = text; name = .cocoadocs.yml; path = ../.cocoadocs.yml; sourceTree = "<group>"; };
		B89DEB5F58DE4DE076F19770 /* RxSwift.framework */ = {isa = PBXFileReference; lastKnownFileType = wrapper.framework; name = RxSwift.framework; path = Carthage/Build/iOS/RxSwift.framework; sourceTree = "<group>"; };
		C8E58B988872E31FAA300F03 /* podPush.command */ = {isa = PBXFileReference; includeInIndex = 1; lastKnownFileType = text.script.sh; name = podPush.command; path = ../podPush.command; sourceTree = "<group>"; };
		D19FB5503222C40AEF519FF9 /* LICENSE */ = {isa = PBXFileReference; includeInIndex = 1; lastKnownFileType = text; name = LICENSE; path = ../LICENSE; sourceTree = "<group>"; };
		E202681322117D03004CC28A /* RxUtils.framework */ = {isa = PBXFileReference; explicitFileType = wrapper.framework; includeInIndex = 0; path = RxUtils.framework; sourceTree = BUILT_PRODUCTS_DIR; };
		E202681622117D03004CC28A /* RxUtils.h */ = {isa = PBXFileReference; lastKnownFileType = sourcecode.c.h; path = RxUtils.h; sourceTree = "<group>"; };
		E202681722117D03004CC28A /* Info.plist */ = {isa = PBXFileReference; lastKnownFileType = text.plist.xml; path = Info.plist; sourceTree = "<group>"; };
		E26D80B02268FCB8001F80BB /* RxSwift+Extension.swift */ = {isa = PBXFileReference; fileEncoding = 4; lastKnownFileType = sourcecode.swift; name = "RxSwift+Extension.swift"; path = "RxSwift/RxSwift+Extension.swift"; sourceTree = "<group>"; };
		E26D80B22268FCB8001F80BB /* RxSwift+Weak+FlatMap.swift */ = {isa = PBXFileReference; fileEncoding = 4; lastKnownFileType = sourcecode.swift; path = "RxSwift+Weak+FlatMap.swift"; sourceTree = "<group>"; };
		E26D80B32268FCB8001F80BB /* RxSwift+Weak+Do.swift */ = {isa = PBXFileReference; fileEncoding = 4; lastKnownFileType = sourcecode.swift; path = "RxSwift+Weak+Do.swift"; sourceTree = "<group>"; };
		E26D80B42268FCB8001F80BB /* RxSwift+Weak+Subscribe.swift */ = {isa = PBXFileReference; fileEncoding = 4; lastKnownFileType = sourcecode.swift; path = "RxSwift+Weak+Subscribe.swift"; sourceTree = "<group>"; };
		E26D80B52268FCB8001F80BB /* RxSwift+Error.swift */ = {isa = PBXFileReference; fileEncoding = 4; lastKnownFileType = sourcecode.swift; name = "RxSwift+Error.swift"; path = "RxSwift/RxSwift+Error.swift"; sourceTree = "<group>"; };
		E26D80B62268FCB8001F80BB /* RxSwift+Deffered.swift */ = {isa = PBXFileReference; fileEncoding = 4; lastKnownFileType = sourcecode.swift; name = "RxSwift+Deffered.swift"; path = "RxSwift/RxSwift+Deffered.swift"; sourceTree = "<group>"; };
		E26D80B72268FCB8001F80BB /* RxSwift+Subscribe.swift */ = {isa = PBXFileReference; fileEncoding = 4; lastKnownFileType = sourcecode.swift; name = "RxSwift+Subscribe.swift"; path = "RxSwift/RxSwift+Subscribe.swift"; sourceTree = "<group>"; };
		E26D80B82268FCB8001F80BB /* RxSwift+CompactMap.swift */ = {isa = PBXFileReference; fileEncoding = 4; lastKnownFileType = sourcecode.swift; name = "RxSwift+CompactMap.swift"; path = "RxSwift/RxSwift+CompactMap.swift"; sourceTree = "<group>"; };
		E26D80B92268FCB8001F80BB /* RxSwift+Do.swift */ = {isa = PBXFileReference; fileEncoding = 4; lastKnownFileType = sourcecode.swift; name = "RxSwift+Do.swift"; path = "RxSwift/RxSwift+Do.swift"; sourceTree = "<group>"; };
		E2A7394B2260CFC700E97D55 /* Example.app */ = {isa = PBXFileReference; explicitFileType = wrapper.application; includeInIndex = 0; path = Example.app; sourceTree = BUILT_PRODUCTS_DIR; };
		E2A7394D2260CFC700E97D55 /* AppDelegate.swift */ = {isa = PBXFileReference; lastKnownFileType = sourcecode.swift; path = AppDelegate.swift; sourceTree = "<group>"; };
		E2A7394F2260CFC700E97D55 /* ViewController.swift */ = {isa = PBXFileReference; lastKnownFileType = sourcecode.swift; path = ViewController.swift; sourceTree = "<group>"; };
		E2A739522260CFC700E97D55 /* Base */ = {isa = PBXFileReference; lastKnownFileType = file.storyboard; name = Base; path = Base.lproj/Main.storyboard; sourceTree = "<group>"; };
		E2A739542260CFC800E97D55 /* Assets.xcassets */ = {isa = PBXFileReference; lastKnownFileType = folder.assetcatalog; path = Assets.xcassets; sourceTree = "<group>"; };
		E2A739572260CFC800E97D55 /* Base */ = {isa = PBXFileReference; lastKnownFileType = file.storyboard; name = Base; path = Base.lproj/LaunchScreen.storyboard; sourceTree = "<group>"; };
		E2A739592260CFC800E97D55 /* Info.plist */ = {isa = PBXFileReference; lastKnownFileType = text.plist.xml; path = Info.plist; sourceTree = "<group>"; };
		E2A7395E2260CFC800E97D55 /* Tests.xctest */ = {isa = PBXFileReference; explicitFileType = wrapper.cfbundle; includeInIndex = 0; path = Tests.xctest; sourceTree = BUILT_PRODUCTS_DIR; };
		E2A739622260CFC800E97D55 /* Tests.swift */ = {isa = PBXFileReference; lastKnownFileType = sourcecode.swift; path = Tests.swift; sourceTree = "<group>"; };
		E2A739642260CFC800E97D55 /* Info.plist */ = {isa = PBXFileReference; lastKnownFileType = text.plist.xml; path = Info.plist; sourceTree = "<group>"; };
		E2A7396C2260D99900E97D55 /* Quick.framework */ = {isa = PBXFileReference; lastKnownFileType = wrapper.framework; name = Quick.framework; path = Carthage/Build/iOS/Quick.framework; sourceTree = "<group>"; };
		E2A7396D2260D99900E97D55 /* Nimble.framework */ = {isa = PBXFileReference; lastKnownFileType = wrapper.framework; name = Nimble.framework; path = Carthage/Build/iOS/Nimble.framework; sourceTree = "<group>"; };
		E3A3C326AA2806CD63667A60 /* .travis.yml */ = {isa = PBXFileReference; includeInIndex = 1; lastKnownFileType = text; name = .travis.yml; path = ../.travis.yml; sourceTree = "<group>"; };
/* End PBXFileReference section */

/* Begin PBXFrameworksBuildPhase section */
		E202681022117D03004CC28A /* Frameworks */ = {
			isa = PBXFrameworksBuildPhase;
			buildActionMask = 2147483647;
			files = (
				E26D80C32268FFA4001F80BB /* RxCocoa.framework in Frameworks */,
				E26D80C42268FFA4001F80BB /* RxSwift.framework in Frameworks */,
			);
			runOnlyForDeploymentPostprocessing = 0;
		};
		E2A739482260CFC700E97D55 /* Frameworks */ = {
			isa = PBXFrameworksBuildPhase;
			buildActionMask = 2147483647;
			files = (
				2E3969D4FAEC1BC07F9BAE7E /* RxCocoa.framework in Frameworks */,
				543A082E950A41FC2BA96D73 /* RxSwift.framework in Frameworks */,
			);
			runOnlyForDeploymentPostprocessing = 0;
		};
		E2A7395B2260CFC800E97D55 /* Frameworks */ = {
			isa = PBXFrameworksBuildPhase;
			buildActionMask = 2147483647;
			files = (
				E2A7396E2260D99900E97D55 /* Quick.framework in Frameworks */,
				E2A7396F2260D99900E97D55 /* Nimble.framework in Frameworks */,
			);
			runOnlyForDeploymentPostprocessing = 0;
		};
/* End PBXFrameworksBuildPhase section */

/* Begin PBXGroup section */
		1834AC72A69DC91E1F3B8EDA /* _Carthage */ = {
			isa = PBXGroup;
			children = (
				75997ED1E9FAC56B9BEC3F0E /* carthageAdd.command */,
				722BFDE9DE58393B9D916719 /* carthageRemove.command */,
				27A65933230C2FF4F758F562 /* carthageUpdate.command */,
			);
			name = _Carthage;
			sourceTree = "<group>";
		};
		E202680922117D03004CC28A = {
			isa = PBXGroup;
			children = (
				E2A7396B2260D5A400E97D55 /* _ */,
				E202681522117D03004CC28A /* RxUtils */,
				E2A7394C2260CFC700E97D55 /* Example */,
				E2A739612260CFC800E97D55 /* Tests */,
				E202681422117D03004CC28A /* Products */,
				F1BD9B4AF93178888C20C526 /* Frameworks */,
			);
			sourceTree = "<group>";
		};
		E202681422117D03004CC28A /* Products */ = {
			isa = PBXGroup;
			children = (
				E202681322117D03004CC28A /* RxUtils.framework */,
				E2A7394B2260CFC700E97D55 /* Example.app */,
				E2A7395E2260CFC800E97D55 /* Tests.xctest */,
			);
			name = Products;
			sourceTree = "<group>";
		};
		E202681522117D03004CC28A /* RxUtils */ = {
			isa = PBXGroup;
			children = (
				E2766F332260FFF7003BDA19 /* _Classes */,
				E202681622117D03004CC28A /* RxUtils.h */,
				E202681722117D03004CC28A /* Info.plist */,
			);
			path = RxUtils;
			sourceTree = "<group>";
		};
		E26D80B12268FCB8001F80BB /* _Weak */ = {
			isa = PBXGroup;
			children = (
				E26D80B32268FCB8001F80BB /* RxSwift+Weak+Do.swift */,
				E26D80B22268FCB8001F80BB /* RxSwift+Weak+FlatMap.swift */,
				E26D80B42268FCB8001F80BB /* RxSwift+Weak+Subscribe.swift */,
			);
			name = _Weak;
			path = RxSwift/_Weak;
			sourceTree = "<group>";
		};
		E2766F332260FFF7003BDA19 /* _Classes */ = {
			isa = PBXGroup;
			children = (
				E26D80B12268FCB8001F80BB /* _Weak */,
				E26D80B82268FCB8001F80BB /* RxSwift+CompactMap.swift */,
				E26D80B62268FCB8001F80BB /* RxSwift+Deffered.swift */,
				E26D80B92268FCB8001F80BB /* RxSwift+Do.swift */,
				E26D80B52268FCB8001F80BB /* RxSwift+Error.swift */,
				E26D80B02268FCB8001F80BB /* RxSwift+Extension.swift */,
				E26D80B72268FCB8001F80BB /* RxSwift+Subscribe.swift */,
			);
			name = _Classes;
			path = ../../RxUtils/Classes;
			sourceTree = "<group>";
		};
		E2A7394C2260CFC700E97D55 /* Example */ = {
			isa = PBXGroup;
			children = (
				E2A7394D2260CFC700E97D55 /* AppDelegate.swift */,
				E2A7394F2260CFC700E97D55 /* ViewController.swift */,
				E2A739512260CFC700E97D55 /* Main.storyboard */,
				E2A739542260CFC800E97D55 /* Assets.xcassets */,
				E2A739562260CFC800E97D55 /* LaunchScreen.storyboard */,
				E2A739592260CFC800E97D55 /* Info.plist */,
			);
			path = Example;
			sourceTree = "<group>";
		};
		E2A739612260CFC800E97D55 /* Tests */ = {
			isa = PBXGroup;
			children = (
				E2A739622260CFC800E97D55 /* Tests.swift */,
				E2A739642260CFC800E97D55 /* Info.plist */,
			);
			path = Tests;
			sourceTree = "<group>";
		};
		E2A7396B2260D5A400E97D55 /* _ */ = {
			isa = PBXGroup;
			children = (
				35423192BBCD2485C59FBA90 /* .gitignore */,
				B2292C95DD780A49B6CE8C21 /* .cocoadocs.yml */,
				E3A3C326AA2806CD63667A60 /* .travis.yml */,
				95B46D3F3B9CA6A1557CD626 /* RxUtils.podspec */,
				D19FB5503222C40AEF519FF9 /* LICENSE */,
				2770B41F10ACCC97B30DDC5B /* DEPLOY PROCESS.md */,
				3905247AED19C828B2F93C0F /* CHANGELOG.md */,
				72FEC47699AE93FA694446C1 /* README.md */,
				4DC06729D5797C0C4726CA51 /* checkBuild.command */,
				A3734D274A5AF65E369A7857 /* podCheck.command */,
				C8E58B988872E31FAA300F03 /* podPush.command */,
			);
			name = _;
			sourceTree = "<group>";
		};
		F1BD9B4AF93178888C20C526 /* Frameworks */ = {
			isa = PBXGroup;
			children = (
				1834AC72A69DC91E1F3B8EDA /* _Carthage */,
				E2A7396D2260D99900E97D55 /* Nimble.framework */,
				E2A7396C2260D99900E97D55 /* Quick.framework */,
				351C0C5F43DEE45C165C941A /* RxCocoa.framework */,
				B89DEB5F58DE4DE076F19770 /* RxSwift.framework */,
			);
			name = Frameworks;
			sourceTree = "<group>";
		};
/* End PBXGroup section */

/* Begin PBXHeadersBuildPhase section */
		E202680E22117D03004CC28A /* Headers */ = {
			isa = PBXHeadersBuildPhase;
			buildActionMask = 2147483647;
			files = (
				E202681822117D03004CC28A /* RxUtils.h in Headers */,
			);
			runOnlyForDeploymentPostprocessing = 0;
		};
/* End PBXHeadersBuildPhase section */

/* Begin PBXNativeTarget section */
		E202681222117D03004CC28A /* RxUtils */ = {
			isa = PBXNativeTarget;
			buildConfigurationList = E202681B22117D03004CC28A /* Build configuration list for PBXNativeTarget "RxUtils" */;
			buildPhases = (
				E202680E22117D03004CC28A /* Headers */,
				E202680F22117D03004CC28A /* Sources */,
				E202681022117D03004CC28A /* Frameworks */,
				E202681122117D03004CC28A /* Resources */,
			);
			buildRules = (
			);
			dependencies = (
			);
			name = RxUtils;
			productName = RxUtils;
			productReference = E202681322117D03004CC28A /* RxUtils.framework */;
			productType = "com.apple.product-type.framework";
		};
		E2A7394A2260CFC700E97D55 /* Example */ = {
			isa = PBXNativeTarget;
			buildConfigurationList = E2A739692260CFC800E97D55 /* Build configuration list for PBXNativeTarget "Example" */;
			buildPhases = (
				6960B3CE5722CE5FDD8F8F8D /* Carthage Install */,
				E2A739472260CFC700E97D55 /* Sources */,
				E2A739482260CFC700E97D55 /* Frameworks */,
				E2A739492260CFC700E97D55 /* Resources */,
				7A78314AEA7299684D67A83C /* Carthage Copy */,
			);
			buildRules = (
			);
			dependencies = (
			);
			name = Example;
			productName = "RxUtils-Example";
			productReference = E2A7394B2260CFC700E97D55 /* Example.app */;
			productType = "com.apple.product-type.application";
		};
		E2A7395D2260CFC800E97D55 /* Tests */ = {
			isa = PBXNativeTarget;
			buildConfigurationList = E2A7396A2260CFC800E97D55 /* Build configuration list for PBXNativeTarget "Tests" */;
			buildPhases = (
				E67432110B43CFE285604644 /* Carthage Install */,
				E2A7395A2260CFC800E97D55 /* Sources */,
				E2A7395B2260CFC800E97D55 /* Frameworks */,
				E2A7395C2260CFC800E97D55 /* Resources */,
			);
			buildRules = (
			);
			dependencies = (
				E2A739602260CFC800E97D55 /* PBXTargetDependency */,
			);
			name = Tests;
			productName = "RxUtils-ExampleTests";
			productReference = E2A7395E2260CFC800E97D55 /* Tests.xctest */;
			productType = "com.apple.product-type.bundle.unit-test";
		};
/* End PBXNativeTarget section */

/* Begin PBXProject section */
		E202680A22117D03004CC28A /* Project object */ = {
			isa = PBXProject;
			attributes = {
				LastSwiftUpdateCheck = 1010;
				LastUpgradeCheck = 1010;
				ORGANIZATIONNAME = "Anton Plebanovich";
				TargetAttributes = {
					E202681222117D03004CC28A = {
						CreatedOnToolsVersion = 10.1;
						LastSwiftMigration = 1010;
					};
					E2A7394A2260CFC700E97D55 = {
						CreatedOnToolsVersion = 10.1;
					};
					E2A7395D2260CFC800E97D55 = {
						CreatedOnToolsVersion = 10.1;
						TestTargetID = E2A7394A2260CFC700E97D55;
					};
				};
			};
			buildConfigurationList = E202680D22117D03004CC28A /* Build configuration list for PBXProject "RxUtils" */;
			compatibilityVersion = "Xcode 9.3";
			developmentRegion = en;
			hasScannedForEncodings = 0;
			knownRegions = (
				en,
				Base,
			);
			mainGroup = E202680922117D03004CC28A;
			productRefGroup = E202681422117D03004CC28A /* Products */;
			projectDirPath = "";
			projectRoot = "";
			targets = (
				E202681222117D03004CC28A /* RxUtils */,
				E2A7394A2260CFC700E97D55 /* Example */,
				E2A7395D2260CFC800E97D55 /* Tests */,
			);
		};
/* End PBXProject section */

/* Begin PBXResourcesBuildPhase section */
		E202681122117D03004CC28A /* Resources */ = {
			isa = PBXResourcesBuildPhase;
			buildActionMask = 2147483647;
			files = (
			);
			runOnlyForDeploymentPostprocessing = 0;
		};
		E2A739492260CFC700E97D55 /* Resources */ = {
			isa = PBXResourcesBuildPhase;
			buildActionMask = 2147483647;
			files = (
				E2A739582260CFC800E97D55 /* LaunchScreen.storyboard in Resources */,
				E2A739552260CFC800E97D55 /* Assets.xcassets in Resources */,
				E2A739532260CFC700E97D55 /* Main.storyboard in Resources */,
			);
			runOnlyForDeploymentPostprocessing = 0;
		};
		E2A7395C2260CFC800E97D55 /* Resources */ = {
			isa = PBXResourcesBuildPhase;
			buildActionMask = 2147483647;
			files = (
			);
			runOnlyForDeploymentPostprocessing = 0;
		};
/* End PBXResourcesBuildPhase section */

/* Begin PBXShellScriptBuildPhase section */
		6960B3CE5722CE5FDD8F8F8D /* Carthage Install */ = {
			isa = PBXShellScriptBuildPhase;
			buildActionMask = 2147483647;
			files = (
			);
			inputFileListPaths = (
			);
			inputPaths = (
			);
			name = "Carthage Install";
			outputFileListPaths = (
			);
			outputPaths = (
			);
			runOnlyForDeploymentPostprocessing = 0;
			shellPath = /bin/bash;
			shellScript = "source ~/.bash_profile\nenv -i GITHUB_ACCESS_TOKEN=\"$GITHUB_ACCESS_TOKEN\" DEVELOPER_DIR=\"$DEVELOPER_DIR\" PATH=\"$PATH\" bash \"Scripts/Carthage/carthageInstall.command\"\n";
		};
		7A78314AEA7299684D67A83C /* Carthage Copy */ = {
			isa = PBXShellScriptBuildPhase;
			buildActionMask = 2147483647;
			files = (
			);
			inputFileListPaths = (
			);
			inputPaths = (
				"$(SRCROOT)/Carthage/Build/iOS/RxCocoa.framework",
				"$(SRCROOT)/Carthage/Build/iOS/RxSwift.framework",
			);
			name = "Carthage Copy";
			outputFileListPaths = (
			);
			outputPaths = (
				"$(BUILT_PRODUCTS_DIR)/$(FRAMEWORKS_FOLDER_PATH)/RxCocoa.framework",
				"$(BUILT_PRODUCTS_DIR)/$(FRAMEWORKS_FOLDER_PATH)/RxSwift.framework",
			);
			runOnlyForDeploymentPostprocessing = 0;
			shellPath = /bin/sh;
			shellScript = "/usr/local/bin/carthage copy-frameworks\n";
		};
		E67432110B43CFE285604644 /* Carthage Install */ = {
			isa = PBXShellScriptBuildPhase;
			buildActionMask = 2147483647;
			files = (
			);
			inputFileListPaths = (
			);
			inputPaths = (
			);
			name = "Carthage Install";
			outputFileListPaths = (
			);
			outputPaths = (
			);
			runOnlyForDeploymentPostprocessing = 0;
			shellPath = /bin/bash;
			shellScript = "source ~/.bash_profile\nenv -i GITHUB_ACCESS_TOKEN=\"$GITHUB_ACCESS_TOKEN\" DEVELOPER_DIR=\"$DEVELOPER_DIR\" PATH=\"$PATH\" bash \"Scripts/Carthage/carthageInstallTests.command\"\n";
		};
/* End PBXShellScriptBuildPhase section */

/* Begin PBXSourcesBuildPhase section */
		E202680F22117D03004CC28A /* Sources */ = {
			isa = PBXSourcesBuildPhase;
			buildActionMask = 2147483647;
			files = (
				E26D80C22268FCB8001F80BB /* RxSwift+Do.swift in Sources */,
				E26D80C02268FCB8001F80BB /* RxSwift+Subscribe.swift in Sources */,
				E26D80BF2268FCB8001F80BB /* RxSwift+Deffered.swift in Sources */,
				E26D80C12268FCB8001F80BB /* RxSwift+CompactMap.swift in Sources */,
				E26D80BC2268FCB8001F80BB /* RxSwift+Weak+Do.swift in Sources */,
				E26D80BA2268FCB8001F80BB /* RxSwift+Extension.swift in Sources */,
				E26D80BD2268FCB8001F80BB /* RxSwift+Weak+Subscribe.swift in Sources */,
				E26D80BE2268FCB8001F80BB /* RxSwift+Error.swift in Sources */,
				E26D80BB2268FCB8001F80BB /* RxSwift+Weak+FlatMap.swift in Sources */,
			);
			runOnlyForDeploymentPostprocessing = 0;
		};
		E2A739472260CFC700E97D55 /* Sources */ = {
			isa = PBXSourcesBuildPhase;
			buildActionMask = 2147483647;
			files = (
				E2A739502260CFC700E97D55 /* ViewController.swift in Sources */,
				E2A7394E2260CFC700E97D55 /* AppDelegate.swift in Sources */,
			);
			runOnlyForDeploymentPostprocessing = 0;
		};
		E2A7395A2260CFC800E97D55 /* Sources */ = {
			isa = PBXSourcesBuildPhase;
			buildActionMask = 2147483647;
			files = (
				E2A739632260CFC800E97D55 /* Tests.swift in Sources */,
			);
			runOnlyForDeploymentPostprocessing = 0;
		};
/* End PBXSourcesBuildPhase section */

/* Begin PBXTargetDependency section */
		E2A739602260CFC800E97D55 /* PBXTargetDependency */ = {
			isa = PBXTargetDependency;
			target = E2A7394A2260CFC700E97D55 /* Example */;
			targetProxy = E2A7395F2260CFC800E97D55 /* PBXContainerItemProxy */;
		};
/* End PBXTargetDependency section */

/* Begin PBXVariantGroup section */
		E2A739512260CFC700E97D55 /* Main.storyboard */ = {
			isa = PBXVariantGroup;
			children = (
				E2A739522260CFC700E97D55 /* Base */,
			);
			name = Main.storyboard;
			sourceTree = "<group>";
		};
		E2A739562260CFC800E97D55 /* LaunchScreen.storyboard */ = {
			isa = PBXVariantGroup;
			children = (
				E2A739572260CFC800E97D55 /* Base */,
			);
			name = LaunchScreen.storyboard;
			sourceTree = "<group>";
		};
/* End PBXVariantGroup section */

/* Begin XCBuildConfiguration section */
		E202681922117D03004CC28A /* Debug */ = {
			isa = XCBuildConfiguration;
			buildSettings = {
				ALWAYS_SEARCH_USER_PATHS = NO;
				CLANG_ANALYZER_NONNULL = YES;
				CLANG_ANALYZER_NUMBER_OBJECT_CONVERSION = YES_AGGRESSIVE;
				CLANG_CXX_LANGUAGE_STANDARD = "gnu++14";
				CLANG_CXX_LIBRARY = "libc++";
				CLANG_ENABLE_MODULES = YES;
				CLANG_ENABLE_OBJC_ARC = YES;
				CLANG_ENABLE_OBJC_WEAK = YES;
				CLANG_WARN_BLOCK_CAPTURE_AUTORELEASING = YES;
				CLANG_WARN_BOOL_CONVERSION = YES;
				CLANG_WARN_COMMA = YES;
				CLANG_WARN_CONSTANT_CONVERSION = YES;
				CLANG_WARN_DEPRECATED_OBJC_IMPLEMENTATIONS = YES;
				CLANG_WARN_DIRECT_OBJC_ISA_USAGE = YES_ERROR;
				CLANG_WARN_DOCUMENTATION_COMMENTS = YES;
				CLANG_WARN_EMPTY_BODY = YES;
				CLANG_WARN_ENUM_CONVERSION = YES;
				CLANG_WARN_INFINITE_RECURSION = YES;
				CLANG_WARN_INT_CONVERSION = YES;
				CLANG_WARN_NON_LITERAL_NULL_CONVERSION = YES;
				CLANG_WARN_OBJC_IMPLICIT_RETAIN_SELF = YES;
				CLANG_WARN_OBJC_LITERAL_CONVERSION = YES;
				CLANG_WARN_OBJC_ROOT_CLASS = YES_ERROR;
				CLANG_WARN_RANGE_LOOP_ANALYSIS = YES;
				CLANG_WARN_STRICT_PROTOTYPES = YES;
				CLANG_WARN_SUSPICIOUS_MOVE = YES;
				CLANG_WARN_UNGUARDED_AVAILABILITY = YES_AGGRESSIVE;
				CLANG_WARN_UNREACHABLE_CODE = YES;
				CLANG_WARN__DUPLICATE_METHOD_MATCH = YES;
				CODE_SIGN_IDENTITY = "iPhone Developer";
				COPY_PHASE_STRIP = NO;
				CURRENT_PROJECT_VERSION = 1;
				DEBUG_INFORMATION_FORMAT = dwarf;
				ENABLE_STRICT_OBJC_MSGSEND = YES;
				ENABLE_TESTABILITY = YES;
				GCC_C_LANGUAGE_STANDARD = gnu11;
				GCC_DYNAMIC_NO_PIC = NO;
				GCC_NO_COMMON_BLOCKS = YES;
				GCC_OPTIMIZATION_LEVEL = 0;
				GCC_PREPROCESSOR_DEFINITIONS = (
					"DEBUG=1",
					"$(inherited)",
				);
				GCC_WARN_64_TO_32_BIT_CONVERSION = YES;
				GCC_WARN_ABOUT_RETURN_TYPE = YES_ERROR;
				GCC_WARN_UNDECLARED_SELECTOR = YES;
				GCC_WARN_UNINITIALIZED_AUTOS = YES_AGGRESSIVE;
				GCC_WARN_UNUSED_FUNCTION = YES;
				GCC_WARN_UNUSED_VARIABLE = YES;
				IPHONEOS_DEPLOYMENT_TARGET = 8.0;
				MTL_ENABLE_DEBUG_INFO = INCLUDE_SOURCE;
				MTL_FAST_MATH = YES;
				ONLY_ACTIVE_ARCH = YES;
				SDKROOT = iphoneos;
				SWIFT_ACTIVE_COMPILATION_CONDITIONS = DEBUG;
				SWIFT_OPTIMIZATION_LEVEL = "-Onone";
				VERSIONING_SYSTEM = "apple-generic";
				VERSION_INFO_PREFIX = "";
			};
			name = Debug;
		};
		E202681A22117D03004CC28A /* Release */ = {
			isa = XCBuildConfiguration;
			buildSettings = {
				ALWAYS_SEARCH_USER_PATHS = NO;
				CLANG_ANALYZER_NONNULL = YES;
				CLANG_ANALYZER_NUMBER_OBJECT_CONVERSION = YES_AGGRESSIVE;
				CLANG_CXX_LANGUAGE_STANDARD = "gnu++14";
				CLANG_CXX_LIBRARY = "libc++";
				CLANG_ENABLE_MODULES = YES;
				CLANG_ENABLE_OBJC_ARC = YES;
				CLANG_ENABLE_OBJC_WEAK = YES;
				CLANG_WARN_BLOCK_CAPTURE_AUTORELEASING = YES;
				CLANG_WARN_BOOL_CONVERSION = YES;
				CLANG_WARN_COMMA = YES;
				CLANG_WARN_CONSTANT_CONVERSION = YES;
				CLANG_WARN_DEPRECATED_OBJC_IMPLEMENTATIONS = YES;
				CLANG_WARN_DIRECT_OBJC_ISA_USAGE = YES_ERROR;
				CLANG_WARN_DOCUMENTATION_COMMENTS = YES;
				CLANG_WARN_EMPTY_BODY = YES;
				CLANG_WARN_ENUM_CONVERSION = YES;
				CLANG_WARN_INFINITE_RECURSION = YES;
				CLANG_WARN_INT_CONVERSION = YES;
				CLANG_WARN_NON_LITERAL_NULL_CONVERSION = YES;
				CLANG_WARN_OBJC_IMPLICIT_RETAIN_SELF = YES;
				CLANG_WARN_OBJC_LITERAL_CONVERSION = YES;
				CLANG_WARN_OBJC_ROOT_CLASS = YES_ERROR;
				CLANG_WARN_RANGE_LOOP_ANALYSIS = YES;
				CLANG_WARN_STRICT_PROTOTYPES = YES;
				CLANG_WARN_SUSPICIOUS_MOVE = YES;
				CLANG_WARN_UNGUARDED_AVAILABILITY = YES_AGGRESSIVE;
				CLANG_WARN_UNREACHABLE_CODE = YES;
				CLANG_WARN__DUPLICATE_METHOD_MATCH = YES;
				CODE_SIGN_IDENTITY = "iPhone Developer";
				COPY_PHASE_STRIP = NO;
				CURRENT_PROJECT_VERSION = 1;
				DEBUG_INFORMATION_FORMAT = "dwarf-with-dsym";
				ENABLE_NS_ASSERTIONS = NO;
				ENABLE_STRICT_OBJC_MSGSEND = YES;
				GCC_C_LANGUAGE_STANDARD = gnu11;
				GCC_NO_COMMON_BLOCKS = YES;
				GCC_WARN_64_TO_32_BIT_CONVERSION = YES;
				GCC_WARN_ABOUT_RETURN_TYPE = YES_ERROR;
				GCC_WARN_UNDECLARED_SELECTOR = YES;
				GCC_WARN_UNINITIALIZED_AUTOS = YES_AGGRESSIVE;
				GCC_WARN_UNUSED_FUNCTION = YES;
				GCC_WARN_UNUSED_VARIABLE = YES;
				IPHONEOS_DEPLOYMENT_TARGET = 8.0;
				MTL_ENABLE_DEBUG_INFO = NO;
				MTL_FAST_MATH = YES;
				SDKROOT = iphoneos;
				SWIFT_COMPILATION_MODE = wholemodule;
				SWIFT_OPTIMIZATION_LEVEL = "-O";
				VALIDATE_PRODUCT = YES;
				VERSIONING_SYSTEM = "apple-generic";
				VERSION_INFO_PREFIX = "";
			};
			name = Release;
		};
		E202681C22117D03004CC28A /* Debug */ = {
			isa = XCBuildConfiguration;
			buildSettings = {
				CLANG_ENABLE_MODULES = YES;
				CODE_SIGN_IDENTITY = "";
				CODE_SIGN_STYLE = Automatic;
				DEFINES_MODULE = YES;
				DYLIB_COMPATIBILITY_VERSION = 1;
				DYLIB_CURRENT_VERSION = 1;
				DYLIB_INSTALL_NAME_BASE = "@rpath";
				FRAMEWORK_SEARCH_PATHS = (
					"$(inherited)",
					"$(PROJECT_DIR)/Carthage/Build/iOS",
				);
				INFOPLIST_FILE = RxUtils/Info.plist;
				INSTALL_PATH = "$(LOCAL_LIBRARY_DIR)/Frameworks";
				LD_RUNPATH_SEARCH_PATHS = (
					"$(inherited)",
					"@executable_path/Frameworks",
					"@loader_path/Frameworks",
				);
				PRODUCT_BUNDLE_IDENTIFIER = com.convene.Elevate.RxUtils;
				PRODUCT_NAME = "$(TARGET_NAME:c99extidentifier)";
				SKIP_INSTALL = YES;
				SWIFT_OPTIMIZATION_LEVEL = "-Onone";
				SWIFT_VERSION = 4.2;
				TARGETED_DEVICE_FAMILY = "1,2";
			};
			name = Debug;
		};
		E202681D22117D03004CC28A /* Release */ = {
			isa = XCBuildConfiguration;
			buildSettings = {
				CLANG_ENABLE_MODULES = YES;
				CODE_SIGN_IDENTITY = "";
				CODE_SIGN_STYLE = Automatic;
				DEFINES_MODULE = YES;
				DYLIB_COMPATIBILITY_VERSION = 1;
				DYLIB_CURRENT_VERSION = 1;
				DYLIB_INSTALL_NAME_BASE = "@rpath";
				FRAMEWORK_SEARCH_PATHS = (
					"$(inherited)",
					"$(PROJECT_DIR)/Carthage/Build/iOS",
				);
				INFOPLIST_FILE = RxUtils/Info.plist;
				INSTALL_PATH = "$(LOCAL_LIBRARY_DIR)/Frameworks";
				LD_RUNPATH_SEARCH_PATHS = (
					"$(inherited)",
					"@executable_path/Frameworks",
					"@loader_path/Frameworks",
				);
				PRODUCT_BUNDLE_IDENTIFIER = com.convene.Elevate.RxUtils;
				PRODUCT_NAME = "$(TARGET_NAME:c99extidentifier)";
				SKIP_INSTALL = YES;
				SWIFT_VERSION = 4.2;
				TARGETED_DEVICE_FAMILY = "1,2";
			};
			name = Release;
		};
		E2A739652260CFC800E97D55 /* Debug */ = {
			isa = XCBuildConfiguration;
			buildSettings = {
				ASSETCATALOG_COMPILER_APPICON_NAME = AppIcon;
				CODE_SIGN_STYLE = Automatic;
				FRAMEWORK_SEARCH_PATHS = (
					"$(inherited)",
					"$(PROJECT_DIR)/Carthage/Build/iOS",
				);
				INFOPLIST_FILE = Example/Info.plist;
				IPHONEOS_DEPLOYMENT_TARGET = 9.0;
				LD_RUNPATH_SEARCH_PATHS = (
					"$(inherited)",
					"@executable_path/Frameworks",
				);
				PRODUCT_BUNDLE_IDENTIFIER = "com.anton-plebanovich.RxUtils-Example";
				PRODUCT_NAME = "$(TARGET_NAME)";
				SWIFT_VERSION = 4.2;
				TARGETED_DEVICE_FAMILY = "1,2";
			};
			name = Debug;
		};
		E2A739662260CFC800E97D55 /* Release */ = {
			isa = XCBuildConfiguration;
			buildSettings = {
				ASSETCATALOG_COMPILER_APPICON_NAME = AppIcon;
				CODE_SIGN_STYLE = Automatic;
				FRAMEWORK_SEARCH_PATHS = (
					"$(inherited)",
					"$(PROJECT_DIR)/Carthage/Build/iOS",
				);
				INFOPLIST_FILE = Example/Info.plist;
				IPHONEOS_DEPLOYMENT_TARGET = 9.0;
				LD_RUNPATH_SEARCH_PATHS = (
					"$(inherited)",
					"@executable_path/Frameworks",
				);
				PRODUCT_BUNDLE_IDENTIFIER = "com.anton-plebanovich.RxUtils-Example";
				PRODUCT_NAME = "$(TARGET_NAME)";
				SWIFT_VERSION = 4.2;
				TARGETED_DEVICE_FAMILY = "1,2";
			};
			name = Release;
		};
		E2A739672260CFC800E97D55 /* Debug */ = {
			isa = XCBuildConfiguration;
			buildSettings = {
				ALWAYS_EMBED_SWIFT_STANDARD_LIBRARIES = YES;
				BUNDLE_LOADER = "$(TEST_HOST)";
				CODE_SIGN_STYLE = Automatic;
				FRAMEWORK_SEARCH_PATHS = (
					"$(inherited)",
					"$(PROJECT_DIR)/Carthage/Build/iOS",
				);
				INFOPLIST_FILE = Tests/Info.plist;
				LD_RUNPATH_SEARCH_PATHS = (
					"$(inherited)",
					"@executable_path/Frameworks",
					"@loader_path/Frameworks",
				);
				PRODUCT_BUNDLE_IDENTIFIER = "com.anton-plebanovich.RxUtils-ExampleTests";
				PRODUCT_NAME = "$(TARGET_NAME)";
				SWIFT_VERSION = 4.2;
				TARGETED_DEVICE_FAMILY = "1,2";
				TEST_HOST = "$(BUILT_PRODUCTS_DIR)/Example.app/Example";
			};
			name = Debug;
		};
		E2A739682260CFC800E97D55 /* Release */ = {
			isa = XCBuildConfiguration;
			buildSettings = {
				ALWAYS_EMBED_SWIFT_STANDARD_LIBRARIES = YES;
				BUNDLE_LOADER = "$(TEST_HOST)";
				CODE_SIGN_STYLE = Automatic;
				FRAMEWORK_SEARCH_PATHS = (
					"$(inherited)",
					"$(PROJECT_DIR)/Carthage/Build/iOS",
				);
				INFOPLIST_FILE = Tests/Info.plist;
				LD_RUNPATH_SEARCH_PATHS = (
					"$(inherited)",
					"@executable_path/Frameworks",
					"@loader_path/Frameworks",
				);
				PRODUCT_BUNDLE_IDENTIFIER = "com.anton-plebanovich.RxUtils-ExampleTests";
				PRODUCT_NAME = "$(TARGET_NAME)";
				SWIFT_VERSION = 4.2;
				TARGETED_DEVICE_FAMILY = "1,2";
				TEST_HOST = "$(BUILT_PRODUCTS_DIR)/Example.app/Example";
			};
			name = Release;
		};
/* End XCBuildConfiguration section */

/* Begin XCConfigurationList section */
		E202680D22117D03004CC28A /* Build configuration list for PBXProject "RxUtils" */ = {
			isa = XCConfigurationList;
			buildConfigurations = (
				E202681922117D03004CC28A /* Debug */,
				E202681A22117D03004CC28A /* Release */,
			);
			defaultConfigurationIsVisible = 0;
			defaultConfigurationName = Release;
		};
		E202681B22117D03004CC28A /* Build configuration list for PBXNativeTarget "RxUtils" */ = {
			isa = XCConfigurationList;
			buildConfigurations = (
				E202681C22117D03004CC28A /* Debug */,
				E202681D22117D03004CC28A /* Release */,
			);
			defaultConfigurationIsVisible = 0;
			defaultConfigurationName = Release;
		};
		E2A739692260CFC800E97D55 /* Build configuration list for PBXNativeTarget "Example" */ = {
			isa = XCConfigurationList;
			buildConfigurations = (
				E2A739652260CFC800E97D55 /* Debug */,
				E2A739662260CFC800E97D55 /* Release */,
			);
			defaultConfigurationIsVisible = 0;
			defaultConfigurationName = Release;
		};
		E2A7396A2260CFC800E97D55 /* Build configuration list for PBXNativeTarget "Tests" */ = {
			isa = XCConfigurationList;
			buildConfigurations = (
				E2A739672260CFC800E97D55 /* Debug */,
				E2A739682260CFC800E97D55 /* Release */,
			);
			defaultConfigurationIsVisible = 0;
			defaultConfigurationName = Release;
		};
/* End XCConfigurationList section */
	};
	rootObject = E202680A22117D03004CC28A /* Project object */;
}
