PODS:
  - APExtensions (14.1.1):
    - APExtensions/Core (= 14.1.1)
    - APExtensions/Dispatch (= 14.1.1)
    - APExtensions/Storyboard (= 14.1.1)
    - APExtensions/ViewModel (= 14.1.1)
  - APExtensions/Core (14.1.1):
    - RoutableLogger
  - APExtensions/Dispatch (14.1.1):
    - RoutableLogger
  - APExtensions/Occupiable (14.1.1)
  - APExtensions/OptionalType (14.1.1)
  - APExtensions/Storyboard (14.1.1):
    - RoutableLogger
  - APExtensions/ViewModel (14.1.1)
  - Nimble (10.0.0)
  - Quick (5.0.1)
  - RoutableLogger (12.3.3)
  - RxBlocking (6.6.0):
    - RxSwift (= 6.6.0)
  - RxCocoa (6.6.0):
    - RxRelay (= 6.6.0)
    - RxSwift (= 6.6.0)
  - RxGesture (4.0.4):
    - RxCocoa (~> 6.0)
    - RxSwift (~> 6.0)
  - RxNimble (6.0.0):
    - RxNimble/RxBlocking (= 6.0.0)
  - RxNimble/Core (6.0.0):
    - Nimble (~> 10.0)
    - RxSwift (~> 6.0)
  - RxNimble/RxBlocking (6.0.0):
    - RxBlocking
    - RxNimble/Core
  - RxRelay (6.6.0):
    - RxSwift (= 6.6.0)
  - RxSwift (6.6.0)
  - RxSwiftExt (6.2.1):
    - RxSwiftExt/Core (= 6.2.1)
    - RxSwiftExt/RxCocoa (= 6.2.1)
  - RxSwiftExt/Core (6.2.1):
    - RxSwift (~> 6.0)
  - RxSwiftExt/RxCocoa (6.2.1):
    - RxCocoa (~> 6.0)
    - RxSwiftExt/Core
  - RxTest (6.6.0):
    - RxSwift (= 6.6.0)
  - RxUtils (4.2.0):
    - APExtensions/Dispatch
    - APExtensions/Occupiable (>= 11)
    - APExtensions/OptionalType (>= 11)
    - RoutableLogger (>= 9.1.5)
    - RxCocoa (>= 6)
    - RxGesture (>= 4)
    - RxSwift (>= 6)
    - RxSwiftExt (>= 6)

DEPENDENCIES:
  - APExtensions (from `https://github.com/APUtils/APExtensions`)
  - Nimble
  - Quick
  - RxNimble
  - RxTest
  - RxUtils (from `../`)

SPEC REPOS:
  trunk:
    - Nimble
    - Quick
    - RoutableLogger
    - RxBlocking
    - RxCocoa
    - RxGesture
    - RxNimble
    - RxRelay
    - RxSwift
    - RxSwiftExt
    - RxTest

EXTERNAL SOURCES:
  APExtensions:
    :git: https://github.com/APUtils/APExtensions
  RxUtils:
    :path: "../"

CHECKOUT OPTIONS:
  APExtensions:
    :commit: fa9d0d2d6507324e78c83af3254457efef0255b8
    :git: https://github.com/APUtils/APExtensions

SPEC CHECKSUMS:
  APExtensions: 82c75dcd17db568a21a21f801101a8913cc8604f
  Nimble: 5316ef81a170ce87baf72dd961f22f89a602ff84
  Quick: 749aa754fd1e7d984f2000fe051e18a3a9809179
  RoutableLogger: ff5425f9ec26ec79241a591a1ed16a7a69d70b2f
  RxBlocking: fbd1f8501443024f686e556f36dac79b0d5f4d7c
  RxCocoa: 44a80de90e25b739b5aeaae3c8c371a32e3343cc
  RxGesture: f3efb47ed2d26a8082f7b660d4a59970e275a7f8
  RxNimble: 04caf11bd7e8f7669d68ef69b8fdfe41552c1ef2
  RxRelay: 45eaa5db8ee4fb50e5ebd57deec0159e97fa51e6
  RxSwift: a4b44f7d24599f674deebd1818eab82e58410632
  RxSwiftExt: 43aaacb6a4d3c69c55e9d1cf4f79920043d13583
  RxTest: a23f26bb53a5e146a0a69db4f0fa0b69001ce7f4
  RxUtils: 454f360bff10b2ddb0fffef9d5ca4acce8ec6069

PODFILE CHECKSUM: 62eda8ce157d4a2934f84fa84c738c3c08fa81fb

COCOAPODS: 1.14.3
