PODS:
  - Nimble (8.0.4)
  - Quick (2.2.0)
  - RxCocoa (5.0.1):
    - RxRelay (~> 5)
    - RxSwift (~> 5)
  - RxOptional (4.1.0):
    - RxCocoa (~> 5)
    - RxSwift (~> 5)
  - RxRelay (5.0.1):
    - RxSwift (~> 5)
  - RxSwift (5.0.1)
  - RxUtils (1.3.3):
    - RxCocoa (~> 5)
    - RxOptional (~> 4)
    - RxSwift (~> 5)

DEPENDENCIES:
  - Nimble
  - Quick
  - RxOptional
  - RxSwift
  - RxUtils (from `../`)

SPEC REPOS:
  trunk:
    - Nimble
    - Quick
    - RxCocoa
    - RxOptional
    - RxRelay
    - RxSwift

EXTERNAL SOURCES:
  RxUtils:
    :path: "../"

SPEC CHECKSUMS:
  Nimble: 18d5360282923225d62b09d781f63abc1a0111fc
  Quick: 7fb19e13be07b5dfb3b90d4f9824c855a11af40e
  RxCocoa: e741b9749968e8a143e2b787f1dfbff2b63d0a5c
  RxOptional: b1fcd60856807a564c0215c2184b8d33e7826dc2
  RxRelay: 89d54507f4fd4d969e6ec1d4bd7f3673640b4640
  RxSwift: e2dc62b366a3adf6a0be44ba9f405efd4c94e0c4
  RxUtils: 315a404c9e7b0f591e730a995c404e143ada00da

PODFILE CHECKSUM: a19f0cc9777d060c0cf03eaa7247673665eff148

COCOAPODS: 1.8.4
