PODS:
  - APExtensions (14.2.0):
    - APExtensions/Core (= 14.2.0)
    - APExtensions/Dispatch (= 14.2.0)
    - APExtensions/Occupiable (= 14.2.0)
    - APExtensions/OptionalType (= 14.2.0)
    - APExtensions/Storyboard (= 14.2.0)
    - APExtensions/ViewModel (= 14.2.0)
  - APExtensions/Core (14.2.0):
    - RoutableLogger
  - APExtensions/Dispatch (14.2.0):
    - RoutableLogger
  - APExtensions/Occupiable (14.2.0)
  - APExtensions/OptionalType (14.2.0)
  - APExtensions/Storyboard (14.2.0):
    - RoutableLogger
  - APExtensions/ViewModel (14.2.0)
  - CwlCatchException (2.2.0):
    - CwlCatchExceptionSupport (~> 2.2.0)
  - CwlCatchExceptionSupport (2.2.0)
  - CwlMachBadInstructionHandler (2.2.0)
  - CwlPosixPreconditionTesting (2.2.0)
  - CwlPreconditionTesting (2.2.1):
    - CwlCatchException (~> 2.2.0)
    - CwlMachBadInstructionHandler (~> 2.2.0)
    - CwlPosixPreconditionTesting (~> 2.2.0)
  - Nimble (13.2.1):
    - CwlPreconditionTesting (~> 2.2.0)
  - Quick (7.5.0)
  - RoutableLogger (12.4.0)
  - RxBlocking (6.6.0):
    - RxSwift (= 6.6.0)
  - RxCocoa (6.6.0):
    - RxRelay (= 6.6.0)
    - RxSwift (= 6.6.0)
  - RxGesture (4.0.4):
    - RxCocoa (~> 6.0)
    - RxSwift (~> 6.0)
  - RxNimble (6.3.1):
    - RxNimble/RxBlocking (= 6.3.1)
  - RxNimble/Core (6.3.1):
    - Nimble (~> 13.0)
    - RxSwift (~> 6.0)
  - RxNimble/RxBlocking (6.3.1):
    - RxBlocking
    - RxNimble/Core
  - RxRelay (6.6.0):
    - RxSwift (= 6.6.0)
  - RxSwift (6.6.0)
  - RxSwiftExt (6.2.1):
    - RxSwiftExt/Core (= 6.2.1)
    - RxSwiftExt/RxCocoa (= 6.2.1)
  - RxSwiftExt/Core (6.2.1):
    - RxSwift (~> 6.0)
  - RxSwiftExt/RxCocoa (6.2.1):
    - RxCocoa (~> 6.0)
    - RxSwiftExt/Core
  - RxTest (6.6.0):
    - RxSwift (= 6.6.0)
  - RxUtils (4.3.0):
    - APExtensions/Dispatch (~> 14.0)
    - APExtensions/Occupiable (~> 14.0)
    - APExtensions/OptionalType (~> 14.0)
    - RoutableLogger (~> 12.0)
    - RxCocoa (~> 6.0)
    - RxGesture (~> 4.0)
    - RxSwift (~> 6.0)
    - RxSwiftExt (~> 6.0)

DEPENDENCIES:
  - APExtensions (from `https://github.com/APUtils/APExtensions`)
  - Nimble
  - Quick
  - RxNimble
  - RxTest
  - RxUtils (from `../`)

SPEC REPOS:
  trunk:
    - CwlCatchException
    - CwlCatchExceptionSupport
    - CwlMachBadInstructionHandler
    - CwlPosixPreconditionTesting
    - CwlPreconditionTesting
    - Nimble
    - Quick
    - RoutableLogger
    - RxBlocking
    - RxCocoa
    - RxGesture
    - RxNimble
    - RxRelay
    - RxSwift
    - RxSwiftExt
    - RxTest

EXTERNAL SOURCES:
  APExtensions:
    :git: https://github.com/APUtils/APExtensions
  RxUtils:
    :path: "../"

CHECKOUT OPTIONS:
  APExtensions:
    :commit: 7cead7483a09dcf0de15264361f809014166d995
    :git: https://github.com/APUtils/APExtensions

SPEC CHECKSUMS:
  APExtensions: 06c059d069034fb32db789432ee889274b453435
  CwlCatchException: 51bf8319009a31104ea6f0568730d1ecc25b6454
  CwlCatchExceptionSupport: 1345d6adb01a505933f2bc972dab60dcb9ce3e50
  CwlMachBadInstructionHandler: ea1030428925d9bf340882522af30712fb4bf356
  CwlPosixPreconditionTesting: a125dee731883f2582715f548c6b6c92c7fde145
  CwlPreconditionTesting: ccfd08aca58d14e04062b2a3dd2fd52e09857453
  Nimble: 9e81a67096dab1d1f5160d7a3f8fa7a1eeec38fd
  Quick: 2b651168441479b949ba987f3cee41a9cc53aa32
  RoutableLogger: 5c0d14daf01b023d1506e5a426b53418daac3f8b
  RxBlocking: fbd1f8501443024f686e556f36dac79b0d5f4d7c
  RxCocoa: 44a80de90e25b739b5aeaae3c8c371a32e3343cc
  RxGesture: f3efb47ed2d26a8082f7b660d4a59970e275a7f8
  RxNimble: bac9a18fdde597508356e704b34047f45f5b3ade
  RxRelay: 45eaa5db8ee4fb50e5ebd57deec0159e97fa51e6
  RxSwift: a4b44f7d24599f674deebd1818eab82e58410632
  RxSwiftExt: 43aaacb6a4d3c69c55e9d1cf4f79920043d13583
  RxTest: a23f26bb53a5e146a0a69db4f0fa0b69001ce7f4
  RxUtils: ec15bd6332ffef0ad938451e83f1523c0c16a261

PODFILE CHECKSUM: 6b6e17ef5960e46cd5a5dc711fe1d8fada58a751

COCOAPODS: 1.15.2
